# THIS IS AN AUTOGENERATED FILE. DO NOT EDIT THIS FILE DIRECTLY.
# yarn lockfile v1


react-hover-video-player@^10.0.1:
  version "10.0.1"
  resolved "https://registry.yarnpkg.com/react-hover-video-player/-/react-hover-video-player-10.0.1.tgz#5cdf5fb2c95185e932e9793cf84cd30fd12204bd"
  integrity sha512-n1loMfpykE12Jj4U8YS6T9nvzDsmeKSaKcZest+SyQkvEwh8IqCunFx4QXQ/ls878DMOgN48WhMxikk2cDE1BA==
